
Microsoft Visual Studio Solution File, Format Version 12.00
# Visual Studio Version 17
VisualStudioVersion = 17.2.32526.322
MinimumVisualStudioVersion = 10.0.40219.1
Project("{FAE04EC0-301F-11D3-BF4B-00C04F79EFBC}") = "VirginMoneyTest.UI", "VirginMoneyTest.UI\VirginMoneyTest.UI.csproj", "{82F7E748-06AC-44C8-8809-C33315FBDD9A}"
EndProject
Project("{FAE04EC0-301F-11D3-BF4B-00C04F79EFBC}") = "VirginMoneyTest.UnitTests", "VirginMoneyTest.UnitTests\VirginMoneyTest.UnitTests.csproj", "{17AF7E49-F579-483F-90EE-11057376D471}"
EndProject
Global
	GlobalSection(SolutionConfigurationPlatforms) = preSolution
		Debug|Any CPU = Debug|Any CPU
		Release|Any CPU = Release|Any CPU
	EndGlobalSection
	GlobalSection(ProjectConfigurationPlatforms) = postSolution
		{82F7E748-06AC-44C8-8809-C33315FBDD9A}.Debug|Any CPU.ActiveCfg = Debug|Any CPU
		{82F7E748-06AC-44C8-8809-C33315FBDD9A}.Debug|Any CPU.Build.0 = Debug|Any CPU
		{82F7E748-06AC-44C8-8809-C33315FBDD9A}.Release|Any CPU.ActiveCfg = Release|Any CPU
		{82F7E748-06AC-44C8-8809-C33315FBDD9A}.Release|Any CPU.Build.0 = Release|Any CPU
		{17AF7E49-F579-483F-90EE-11057376D471}.Debug|Any CPU.ActiveCfg = Debug|Any CPU
		{17AF7E49-F579-483F-90EE-11057376D471}.Debug|Any CPU.Build.0 = Debug|Any CPU
		{17AF7E49-F579-483F-90EE-11057376D471}.Release|Any CPU.ActiveCfg = Release|Any CPU
		{17AF7E49-F579-483F-90EE-11057376D471}.Release|Any CPU.Build.0 = Release|Any CPU
	EndGlobalSection
	GlobalSection(SolutionProperties) = preSolution
		HideSolutionNode = FALSE
	EndGlobalSection
	GlobalSection(ExtensibilityGlobals) = postSolution
		SolutionGuid = {E279D7FA-EFC4-486B-B331-E5414B2ABFB8}
	EndGlobalSection
EndGlobal
